// !$*UTF8*$!
{
	archiveVersion = 1;
	classes = {
	};
	objectVersion = 56;
	objects = {

/* Begin PBXBuildFile section */
		152D18E02C35294300011999 /* AppDelegate.swift in Sources */ = {isa = PBXBuildFile; fileRef = 152D18DF2C35294300011999 /* AppDelegate.swift */; };
		152D18E22C35294300011999 /* SceneDelegate.swift in Sources */ = {isa = PBXBuildFile; fileRef = 152D18E12C35294300011999 /* SceneDelegate.swift */; };
		152D18E72C35294300011999 /* Base in Resources */ = {isa = PBXBuildFile; fileRef = 152D18E62C35294300011999 /* Base */; };
		152D18E92C35294400011999 /* Assets.xcassets in Resources */ = {isa = PBXBuildFile; fileRef = 152D18E82C35294400011999 /* Assets.xcassets */; };
		152D18EC2C35294400011999 /* Base in Resources */ = {isa = PBXBuildFile; fileRef = 152D18EB2C35294400011999 /* Base */; };
		15A9F4682FC4CA47001D072E /* Theme.swift in Sources */ = {isa = PBXBuildFile; fileRef = 15A9F4672FC4CA47001D072E /* Theme.swift */; };
		15A9F46A2FC4CA48001D072E /* JournalEntry.swift in Sources */ = {isa = PBXBuildFile; fileRef = 15A9F4692FC4CA48001D072E /* JournalEntry.swift */; };
		15A9F46C2FC4CA49001D072E /* JournalStore.swift in Sources */ = {isa = PBXBuildFile; fileRef = 15A9F46B2FC4CA49001D072E /* JournalStore.swift */; };
		15A9F46E2FC4CA4A001D072E /* JournalEntryCell.swift in Sources */ = {isa = PBXBuildFile; fileRef = 15A9F46D2FC4CA4A001D072E /* JournalEntryCell.swift */; };
		15A9F4702FC4CA8E001D072E /* OnboardingViewController.swift in Sources */ = {isa = PBXBuildFile; fileRef = 15A9F46F2FC4CA8E001D072E /* OnboardingViewController.swift */; };
		15A9F4722FC4CA8E001D072E /* MoodSelectionViewController.swift in Sources */ = {isa = PBXBuildFile; fileRef = 15A9F4712FC4CA8E001D072E /* MoodSelectionViewController.swift */; };
		15A9F4742FC4CA8E001D072E /* RecordingViewController.swift in Sources */ = {isa = PBXBuildFile; fileRef = 15A9F4732FC4CA8E001D072E /* RecordingViewController.swift */; };
		15A9F4762FC4CD9C001D072E /* JournalEntryDetailViewController.swift in Sources */ = {isa = PBXBuildFile; fileRef = 15A9F4752FC4CD9C001D072E /* JournalEntryDetailViewController.swift */; };
		15A9F4782FC551BE001D072E /* Mood.swift in Sources */ = {isa = PBXBuildFile; fileRef = 15A9F4772FC551BE001D072E /* Mood.swift */; };
		15A9F47A2FC551BF001D072E /* WaveformView.swift in Sources */ = {isa = PBXBuildFile; fileRef = 15A9F4792FC551BF001D072E /* WaveformView.swift */; };
		15A9F47C2FC551C0001D072E /* TagsInputView.swift in Sources */ = {isa = PBXBuildFile; fileRef = 15A9F47B2FC551C0001D072E /* TagsInputView.swift */; };
		15A9F47E2FC551C1001D072E /* FormattingToolbar.swift in Sources */ = {isa = PBXBuildFile; fileRef = 15A9F47D2FC551C1001D072E /* FormattingToolbar.swift */; };
/* End PBXBuildFile section */

/* Begin PBXFileReference section */
		152D18DC2C35294300011999 /* Everec 2.0.app */ = {isa = PBXFileReference; explicitFileType = wrapper.application; includeInIndex = 0; path = "Everec 2.0.app"; sourceTree = BUILT_PRODUCTS_DIR; };
		152D18DF2C35294300011999 /* AppDelegate.swift */ = {isa = PBXFileReference; lastKnownFileType = sourcecode.swift; path = AppDelegate.swift; sourceTree = "<group>"; };
		152D18E12C35294300011999 /* SceneDelegate.swift */ = {isa = PBXFileReference; lastKnownFileType = sourcecode.swift; path = SceneDelegate.swift; sourceTree = "<group>"; };
		152D18E62C35294300011999 /* Base */ = {isa = PBXFileReference; lastKnownFileType = file.storyboard; name = Base; path = Base.lproj/Main.storyboard; sourceTree = "<group>"; };
		152D18E82C35294400011999 /* Assets.xcassets */ = {isa = PBXFileReference; lastKnownFileType = folder.assetcatalog; path = Assets.xcassets; sourceTree = "<group>"; };
		152D18EB2C35294400011999 /* Base */ = {isa = PBXFileReference; lastKnownFileType = file.storyboard; name = Base; path = Base.lproj/LaunchScreen.storyboard; sourceTree = "<group>"; };
		152D18ED2C35294400011999 /* Info.plist */ = {isa = PBXFileReference; lastKnownFileType = text.plist.xml; path = Info.plist; sourceTree = "<group>"; };
		15A9F4672FC4CA47001D072E /* Theme.swift */ = {isa = PBXFileReference; lastKnownFileType = sourcecode.swift; path = Theme.swift; sourceTree = "<group>"; };
		15A9F4692FC4CA48001D072E /* JournalEntry.swift */ = {isa = PBXFileReference; lastKnownFileType = sourcecode.swift; path = JournalEntry.swift; sourceTree = "<group>"; };
		15A9F46B2FC4CA49001D072E /* JournalStore.swift */ = {isa = PBXFileReference; lastKnownFileType = sourcecode.swift; path = JournalStore.swift; sourceTree = "<group>"; };
		15A9F46D2FC4CA4A001D072E /* JournalEntryCell.swift */ = {isa = PBXFileReference; lastKnownFileType = sourcecode.swift; path = JournalEntryCell.swift; sourceTree = "<group>"; };
		15A9F46F2FC4CA8E001D072E /* OnboardingViewController.swift */ = {isa = PBXFileReference; lastKnownFileType = sourcecode.swift; path = OnboardingViewController.swift; sourceTree = "<group>"; };
		15A9F4712FC4CA8E001D072E /* MoodSelectionViewController.swift */ = {isa = PBXFileReference; lastKnownFileType = sourcecode.swift; path = MoodSelectionViewController.swift; sourceTree = "<group>"; };
		15A9F4732FC4CA8E001D072E /* RecordingViewController.swift */ = {isa = PBXFileReference; lastKnownFileType = sourcecode.swift; path = RecordingViewController.swift; sourceTree = "<group>"; };
		15A9F4752FC4CD9C001D072E /* JournalEntryDetailViewController.swift */ = {isa = PBXFileReference; lastKnownFileType = sourcecode.swift; path = JournalEntryDetailViewController.swift; sourceTree = "<group>"; };
		15A9F4772FC551BE001D072E /* Mood.swift */ = {isa = PBXFileReference; lastKnownFileType = sourcecode.swift; path = Mood.swift; sourceTree = "<group>"; };
		15A9F4792FC551BF001D072E /* WaveformView.swift */ = {isa = PBXFileReference; lastKnownFileType = sourcecode.swift; path = WaveformView.swift; sourceTree = "<group>"; };
		15A9F47B2FC551C0001D072E /* TagsInputView.swift */ = {isa = PBXFileReference; lastKnownFileType = sourcecode.swift; path = TagsInputView.swift; sourceTree = "<group>"; };
		15A9F47D2FC551C1001D072E /* FormattingToolbar.swift */ = {isa = PBXFileReference; lastKnownFileType = sourcecode.swift; path = FormattingToolbar.swift; sourceTree = "<group>"; };
		15A9F47F2FC55704001D072E /* AnalyticsViewController.swift */ = {isa = PBXFileReference; lastKnownFileType = sourcecode.swift; path = AnalyticsViewController.swift; sourceTree = "<group>"; };
		15A9F4802FC5571A001D072E /* SettingsViewController.swift */ = {isa = PBXFileReference; lastKnownFileType = sourcecode.swift; path = SettingsViewController.swift; sourceTree = "<group>"; };
/* End PBXFileReference section */

/* Begin PBXFrameworksBuildPhase section */
		152D18D92C35294300011999 /* Frameworks */ = {
			isa = PBXFrameworksBuildPhase;
			buildActionMask = 2147483647;
			files = (
			);
			runOnlyForDeploymentPostprocessing = 0;
		};
/* End PBXFrameworksBuildPhase section */

/* Begin PBXGroup section */
		152D18D32C35294300011999 = {
			isa = PBXGroup;
			children = (
				152D18DE2C35294300011999 /* Everec 2.0 */,
				152D18DD2C35294300011999 /* Products */,
				15A9F47F2FC55704001D072E /* AnalyticsViewController.swift */,
				15A9F4802FC5571A001D072E /* SettingsViewController.swift */,
			);
			sourceTree = "<group>";
		};
		152D18DD2C35294300011999 /* Products */ = {
			isa = PBXGroup;
			children = (
				152D18DC2C35294300011999 /* Everec 2.0.app */,
			);
			name = Products;
			sourceTree = "<group>";
		};
		152D18DE2C35294300011999 /* Everec 2.0 */ = {
			isa = PBXGroup;
			children = (
				152D18DF2C35294300011999 /* AppDelegate.swift */,
				152D18E12C35294300011999 /* SceneDelegate.swift */,
				152D18E52C35294300011999 /* Main.storyboard */,
				152D18E82C35294400011999 /* Assets.xcassets */,
				152D18EA2C35294400011999 /* LaunchScreen.storyboard */,
				152D18ED2C35294400011999 /* Info.plist */,
				15A9F4672FC4CA47001D072E /* Theme.swift */,
				15A9F4692FC4CA48001D072E /* JournalEntry.swift */,
				15A9F46B2FC4CA49001D072E /* JournalStore.swift */,
				15A9F46D2FC4CA4A001D072E /* JournalEntryCell.swift */,
				15A9F46F2FC4CA8E001D072E /* OnboardingViewController.swift */,
				15A9F4712FC4CA8E001D072E /* MoodSelectionViewController.swift */,
				15A9F4732FC4CA8E001D072E /* RecordingViewController.swift */,
				15A9F4752FC4CD9C001D072E /* JournalEntryDetailViewController.swift */,
				15A9F4772FC551BE001D072E /* Mood.swift */,
				15A9F4792FC551BF001D072E /* WaveformView.swift */,
				15A9F47B2FC551C0001D072E /* TagsInputView.swift */,
				15A9F47D2FC551C1001D072E /* FormattingToolbar.swift */,
			);
			path = "Everec 2.0";
			sourceTree = "<group>";
		};
/* End PBXGroup section */

/* Begin PBXNativeTarget section */
		152D18DB2C35294300011999 /* Everec 2.0 */ = {
			isa = PBXNativeTarget;
			buildConfigurationList = 152D18F02C35294400011999 /* Build configuration list for PBXNativeTarget "Everec 2.0" */;
			buildPhases = (
				152D18D82C35294300011999 /* Sources */,
				152D18D92C35294300011999 /* Frameworks */,
				152D18DA2C35294300011999 /* Resources */,
			);
			buildRules = (
			);
			dependencies = (
			);
			name = "Everec 2.0";
			productName = "Everec 2.0";
			productReference = 152D18DC2C35294300011999 /* Everec 2.0.app */;
			productType = "com.apple.product-type.application";
		};
/* End PBXNativeTarget section */

/* Begin PBXProject section */
		152D18D42C35294300011999 /* Project object */ = {
			isa = PBXProject;
			attributes = {
				BuildIndependentTargetsInParallel = 1;
				LastSwiftUpdateCheck = 1540;
				LastUpgradeCheck = 1540;
				TargetAttributes = {
					152D18DB2C35294300011999 = {
						CreatedOnToolsVersion = 15.4;
					};
				};
			};
			buildConfigurationList = 152D18D72C35294300011999 /* Build configuration list for PBXProject "Everec 2.0" */;
			compatibilityVersion = "Xcode 14.0";
			developmentRegion = en;
			hasScannedForEncodings = 0;
			knownRegions = (
				en,
				Base,
			);
			mainGroup = 152D18D32C35294300011999;
			productRefGroup = 152D18DD2C35294300011999 /* Products */;
			projectDirPath = "";
			projectRoot = "";
			targets = (
				152D18DB2C35294300011999 /* Everec 2.0 */,
			);
		};
/* End PBXProject section */

/* Begin PBXResourcesBuildPhase section */
		152D18DA2C35294300011999 /* Resources */ = {
			isa = PBXResourcesBuildPhase;
			buildActionMask = 2147483647;
			files = (
				152D18E92C35294400011999 /* Assets.xcassets in Resources */,
				152D18EC2C35294400011999 /* Base in Resources */,
				152D18E72C35294300011999 /* Base in Resources */,
			);
			runOnlyForDeploymentPostprocessing = 0;
		};
/* End PBXResourcesBuildPhase section */

/* Begin PBXSourcesBuildPhase section */
		152D18D82C35294300011999 /* Sources */ = {
			isa = PBXSourcesBuildPhase;
			buildActionMask = 2147483647;
			files = (
				15A9F46A2FC4CA48001D072E /* JournalEntry.swift in Sources */,
				15A9F4722FC4CA8E001D072E /* MoodSelectionViewController.swift in Sources */,
				15A9F4762FC4CD9C001D072E /* JournalEntryDetailViewController.swift in Sources */,
				15A9F4782FC551BE001D072E /* Mood.swift in Sources */,
				15A9F4682FC4CA47001D072E /* Theme.swift in Sources */,
				152D18E02C35294300011999 /* AppDelegate.swift in Sources */,
				15A9F46C2FC4CA49001D072E /* JournalStore.swift in Sources */,
				15A9F4742FC4CA8E001D072E /* RecordingViewController.swift in Sources */,
				15A9F46E2FC4CA4A001D072E /* JournalEntryCell.swift in Sources */,
				15A9F4702FC4CA8E001D072E /* OnboardingViewController.swift in Sources */,
				15A9F47E2FC551C1001D072E /* FormattingToolbar.swift in Sources */,
				152D18E22C35294300011999 /* SceneDelegate.swift in Sources */,
				15A9F47A2FC551BF001D072E /* WaveformView.swift in Sources */,
				15A9F47C2FC551C0001D072E /* TagsInputView.swift in Sources */,
			);
			runOnlyForDeploymentPostprocessing = 0;
		};
/* End PBXSourcesBuildPhase section */

/* Begin PBXVariantGroup section */
		152D18E52C35294300011999 /* Main.storyboard */ = {
			isa = PBXVariantGroup;
			children = (
				152D18E62C35294300011999 /* Base */,
			);
			name = Main.storyboard;
			sourceTree = "<group>";
		};
		152D18EA2C35294400011999 /* LaunchScreen.storyboard */ = {
			isa = PBXVariantGroup;
			children = (
				152D18EB2C35294400011999 /* Base */,
			);
			name = LaunchScreen.storyboard;
			sourceTree = "<group>";
		};
/* End PBXVariantGroup section */

/* Begin XCBuildConfiguration section */
		152D18EE2C35294400011999 /* Debug */ = {
			isa = XCBuildConfiguration;
			buildSettings = {
				ALWAYS_SEARCH_USER_PATHS = NO;
				ASSETCATALOG_COMPILER_GENERATE_SWIFT_ASSET_SYMBOL_EXTENSIONS = YES;
				CLANG_ANALYZER_NONNULL = YES;
				CLANG_ANALYZER_NUMBER_OBJECT_CONVERSION = YES_AGGRESSIVE;
				CLANG_CXX_LANGUAGE_STANDARD = "gnu++20";
				CLANG_ENABLE_MODULES = YES;
				CLANG_ENABLE_OBJC_ARC = YES;
				CLANG_ENABLE_OBJC_WEAK = YES;
				CLANG_WARN_BLOCK_CAPTURE_AUTORELEASING = YES;
				CLANG_WARN_BOOL_CONVERSION = YES;
				CLANG_WARN_COMMA = YES;
				CLANG_WARN_CONSTANT_CONVERSION = YES;
				CLANG_WARN_DEPRECATED_OBJC_IMPLEMENTATIONS = YES;
				CLANG_WARN_DIRECT_OBJC_ISA_USAGE = YES_ERROR;
				CLANG_WARN_DOCUMENTATION_COMMENTS = YES;
				CLANG_WARN_EMPTY_BODY = YES;
				CLANG_WARN_ENUM_CONVERSION = YES;
				CLANG_WARN_INFINITE_RECURSION = YES;
				CLANG_WARN_INT_CONVERSION = YES;
				CLANG_WARN_NON_LITERAL_NULL_CONVERSION = YES;
				CLANG_WARN_OBJC_IMPLICIT_RETAIN_SELF = YES;
				CLANG_WARN_OBJC_LITERAL_CONVERSION = YES;
				CLANG_WARN_OBJC_ROOT_CLASS = YES_ERROR;
				CLANG_WARN_QUOTED_INCLUDE_IN_FRAMEWORK_HEADER = YES;
				CLANG_WARN_RANGE_LOOP_ANALYSIS = YES;
				CLANG_WARN_STRICT_PROTOTYPES = YES;
				CLANG_WARN_SUSPICIOUS_MOVE = YES;
				CLANG_WARN_UNGUARDED_AVAILABILITY = YES_AGGRESSIVE;
				CLANG_WARN_UNREACHABLE_CODE = YES;
				CLANG_WARN__DUPLICATE_METHOD_MATCH = YES;
				COPY_PHASE_STRIP = NO;
				DEBUG_INFORMATION_FORMAT = dwarf;
				ENABLE_STRICT_OBJC_MSGSEND = YES;
				ENABLE_TESTABILITY = YES;
				ENABLE_USER_SCRIPT_SANDBOXING = YES;
				GCC_C_LANGUAGE_STANDARD = gnu17;
				GCC_DYNAMIC_NO_PIC = NO;
				GCC_NO_COMMON_BLOCKS = YES;
				GCC_OPTIMIZATION_LEVEL = 0;
				GCC_PREPROCESSOR_DEFINITIONS = (
					"DEBUG=1",
					"$(inherited)",
				);
				GCC_WARN_64_TO_32_BIT_CONVERSION = YES;
				GCC_WARN_ABOUT_RETURN_TYPE = YES_ERROR;
				GCC_WARN_UNDECLARED_SELECTOR = YES;
				GCC_WARN_UNINITIALIZED_AUTOS = YES_AGGRESSIVE;
				GCC_WARN_UNUSED_FUNCTION = YES;
				GCC_WARN_UNUSED_VARIABLE = YES;
				IPHONEOS_DEPLOYMENT_TARGET = 17.5;
				LOCALIZATION_PREFERS_STRING_CATALOGS = YES;
				MTL_ENABLE_DEBUG_INFO = INCLUDE_SOURCE;
				MTL_FAST_MATH = YES;
				ONLY_ACTIVE_ARCH = YES;
				SDKROOT = iphoneos;
				SWIFT_ACTIVE_COMPILATION_CONDITIONS = "DEBUG $(inherited)";
				SWIFT_OPTIMIZATION_LEVEL = "-Onone";
			};
			name = Debug;
		};
		152D18EF2C35294400011999 /* Release */ = {
			isa = XCBuildConfiguration;
			buildSettings = {
				ALWAYS_SEARCH_USER_PATHS = NO;
				ASSETCATALOG_COMPILER_GENERATE_SWIFT_ASSET_SYMBOL_EXTENSIONS = YES;
				CLANG_ANALYZER_NONNULL = YES;
				CLANG_ANALYZER_NUMBER_OBJECT_CONVERSION = YES_AGGRESSIVE;
				CLANG_CXX_LANGUAGE_STANDARD = "gnu++20";
				CLANG_ENABLE_MODULES = YES;
				CLANG_ENABLE_OBJC_ARC = YES;
				CLANG_ENABLE_OBJC_WEAK = YES;
				CLANG_WARN_BLOCK_CAPTURE_AUTORELEASING = YES;
				CLANG_WARN_BOOL_CONVERSION = YES;
				CLANG_WARN_COMMA = YES;
				CLANG_WARN_CONSTANT_CONVERSION = YES;
				CLANG_WARN_DEPRECATED_OBJC_IMPLEMENTATIONS = YES;
				CLANG_WARN_DIRECT_OBJC_ISA_USAGE = YES_ERROR;
				CLANG_WARN_DOCUMENTATION_COMMENTS = YES;
				CLANG_WARN_EMPTY_BODY = YES;
				CLANG_WARN_ENUM_CONVERSION = YES;
				CLANG_WARN_INFINITE_RECURSION = YES;
				CLANG_WARN_INT_CONVERSION = YES;
				CLANG_WARN_NON_LITERAL_NULL_CONVERSION = YES;
				CLANG_WARN_OBJC_IMPLICIT_RETAIN_SELF = YES;
				CLANG_WARN_OBJC_LITERAL_CONVERSION = YES;
				CLANG_WARN_OBJC_ROOT_CLASS = YES_ERROR;
				CLANG_WARN_QUOTED_INCLUDE_IN_FRAMEWORK_HEADER = YES;
				CLANG_WARN_RANGE_LOOP_ANALYSIS = YES;
				CLANG_WARN_STRICT_PROTOTYPES = YES;
				CLANG_WARN_SUSPICIOUS_MOVE = YES;
				CLANG_WARN_UNGUARDED_AVAILABILITY = YES_AGGRESSIVE;
				CLANG_WARN_UNREACHABLE_CODE = YES;
				CLANG_WARN__DUPLICATE_METHOD_MATCH = YES;
				COPY_PHASE_STRIP = NO;
				DEBUG_INFORMATION_FORMAT = "dwarf-with-dsym";
				ENABLE_NS_ASSERTIONS = NO;
				ENABLE_STRICT_OBJC_MSGSEND = YES;
				ENABLE_USER_SCRIPT_SANDBOXING = YES;
				GCC_C_LANGUAGE_STANDARD = gnu17;
				GCC_NO_COMMON_BLOCKS = YES;
				GCC_WARN_64_TO_32_BIT_CONVERSION = YES;
				GCC_WARN_ABOUT_RETURN_TYPE = YES_ERROR;
				GCC_WARN_UNDECLARED_SELECTOR = YES;
				GCC_WARN_UNINITIALIZED_AUTOS = YES_AGGRESSIVE;
				GCC_WARN_UNUSED_FUNCTION = YES;
				GCC_WARN_UNUSED_VARIABLE = YES;
				IPHONEOS_DEPLOYMENT_TARGET = 17.5;
				LOCALIZATION_PREFERS_STRING_CATALOGS = YES;
				MTL_ENABLE_DEBUG_INFO = NO;
				MTL_FAST_MATH = YES;
				SDKROOT = iphoneos;
				SWIFT_COMPILATION_MODE = wholemodule;
				VALIDATE_PRODUCT = YES;
			};
			name = Release;
		};
		152D18F12C35294400011999 /* Debug */ = {
			isa = XCBuildConfiguration;
			buildSettings = {
				ASSETCATALOG_COMPILER_APPICON_NAME = AppIcon;
				ASSETCATALOG_COMPILER_GLOBAL_ACCENT_COLOR_NAME = AccentColor;
				CODE_SIGN_STYLE = Automatic;
				CURRENT_PROJECT_VERSION = 1;
				DEVELOPMENT_TEAM = CR226R657A;
				GENERATE_INFOPLIST_FILE = YES;
				INFOPLIST_FILE = "Everec 2.0/Info.plist";
				INFOPLIST_KEY_UIApplicationSupportsIndirectInputEvents = YES;
				INFOPLIST_KEY_UILaunchStoryboardName = LaunchScreen;
				INFOPLIST_KEY_UIMainStoryboardFile = Main;
				INFOPLIST_KEY_UISupportedInterfaceOrientations_iPad = "UIInterfaceOrientationPortrait UIInterfaceOrientationPortraitUpsideDown UIInterfaceOrientationLandscapeLeft UIInterfaceOrientationLandscapeRight";
				INFOPLIST_KEY_UISupportedInterfaceOrientations_iPhone = "UIInterfaceOrientationPortrait UIInterfaceOrientationLandscapeLeft UIInterfaceOrientationLandscapeRight";
				LD_RUNPATH_SEARCH_PATHS = (
					"$(inherited)",
					"@executable_path/Frameworks",
				);
				MARKETING_VERSION = 1.0;
				PRODUCT_BUNDLE_IDENTIFIER = "SudarshanUI.Everec-2-0";
				PRODUCT_NAME = "$(TARGET_NAME)";
				SWIFT_EMIT_LOC_STRINGS = YES;
				SWIFT_VERSION = 5.0;
				TARGETED_DEVICE_FAMILY = "1,2";
			};
			name = Debug;
		};
		152D18F22C35294400011999 /* Release */ = {
			isa = XCBuildConfiguration;
			buildSettings = {
				ASSETCATALOG_COMPILER_APPICON_NAME = AppIcon;
				ASSETCATALOG_COMPILER_GLOBAL_ACCENT_COLOR_NAME = AccentColor;
				CODE_SIGN_STYLE = Automatic;
				CURRENT_PROJECT_VERSION = 1;
				DEVELOPMENT_TEAM = CR226R657A;
				GENERATE_INFOPLIST_FILE = YES;
				INFOPLIST_FILE = "Everec 2.0/Info.plist";
				INFOPLIST_KEY_UIApplicationSupportsIndirectInputEvents = YES;
				INFOPLIST_KEY_UILaunchStoryboardName = LaunchScreen;
				INFOPLIST_KEY_UIMainStoryboardFile = Main;
				INFOPLIST_KEY_UISupportedInterfaceOrientations_iPad = "UIInterfaceOrientationPortrait UIInterfaceOrientationPortraitUpsideDown UIInterfaceOrientationLandscapeLeft UIInterfaceOrientationLandscapeRight";
				INFOPLIST_KEY_UISupportedInterfaceOrientations_iPhone = "UIInterfaceOrientationPortrait UIInterfaceOrientationLandscapeLeft UIInterfaceOrientationLandscapeRight";
				LD_RUNPATH_SEARCH_PATHS = (
					"$(inherited)",
					"@executable_path/Frameworks",
				);
				MARKETING_VERSION = 1.0;
				PRODUCT_BUNDLE_IDENTIFIER = "SudarshanUI.Everec-2-0";
				PRODUCT_NAME = "$(TARGET_NAME)";
				SWIFT_EMIT_LOC_STRINGS = YES;
				SWIFT_VERSION = 5.0;
				TARGETED_DEVICE_FAMILY = "1,2";
			};
			name = Release;
		};
/* End XCBuildConfiguration section */

/* Begin XCConfigurationList section */
		152D18D72C35294300011999 /* Build configuration list for PBXProject "Everec 2.0" */ = {
			isa = XCConfigurationList;
			buildConfigurations = (
				152D18EE2C35294400011999 /* Debug */,
				152D18EF2C35294400011999 /* Release */,
			);
			defaultConfigurationIsVisible = 0;
			defaultConfigurationName = Release;
		};
		152D18F02C35294400011999 /* Build configuration list for PBXNativeTarget "Everec 2.0" */ = {
			isa = XCConfigurationList;
			buildConfigurations = (
				152D18F12C35294400011999 /* Debug */,
				152D18F22C35294400011999 /* Release */,
			);
			defaultConfigurationIsVisible = 0;
			defaultConfigurationName = Release;
		};
/* End XCConfigurationList section */
	};
	rootObject = 152D18D42C35294300011999 /* Project object */;
}
